# This file is automatically @generated by Poetry 2.1.4 and should not be changed by hand.

[[package]]
name = "fastapi"
version = "0.110.0"
description = "FastAPI framework, high performance, easy to learn, fast to code, ready for production"
optional = false
python-versions = "*"
groups = ["main"]
files = []
develop = false

[[package]]
name = "uvicorn"
version = "0.29.0"
description = "The lightning-fast ASGI server."
optional = false
python-versions = "*"
groups = ["main"]
files = []
develop = false

[[package]]
name = "langchain"
version = "0.3.27"
description = "Building applications with LLMs through composability"
optional = false
python-versions = "*"
groups = ["main"]
files = []
develop = false

[[package]]
name = "langchain-core"
version = "0.3.27"
description = "Core functionality for LangChain"
optional = false
python-versions = "*"
groups = ["main"]
files = []
develop = false

[[package]]
name = "langchain-community"
version = "0.3.27"
description = "LangChain integrations from the community"
optional = false
python-versions = "*"
groups = ["main"]
files = []
develop = false

[[package]]
name = "langchain-openai"
version = "0.3.6"
description = "LangChain integrations for OpenAI"
optional = false
python-versions = "*"
groups = ["main"]
files = []
develop = false

[[package]]
name = "langchain-anthropic"
version = "0.3.6"
description = "LangChain integrations for Anthropic"
optional = false
python-versions = "*"
groups = ["main"]
files = []
develop = false

[[package]]
name = "langchain-google-vertexai"
version = "2.1.2"
description = "LangChain integration package for Google Vertex AI"
optional = false
python-versions = "*"
groups = ["main"]
files = []
develop = false

[[package]]
name = "httpx"
version = "0.28.1"
description = "The next generation HTTP client."
optional = false
python-versions = "*"
groups = ["main"]
files = []
develop = false

[[package]]
name = "pydantic"
version = "2.7.5"
description = "Data validation using Python type hints"
optional = false
python-versions = "*"
groups = ["main"]
files = []
develop = false

[[package]]
name = "pydantic-settings"
version = "2.4.1"
description = "Settings management using Pydantic"
optional = false
python-versions = "*"
groups = ["main"]
files = []
develop = false

[[package]]
name = "python-dotenv"
version = "1.0.1"
description = "Read key-value pairs from a .env file and set them as environment variables"
optional = false
python-versions = "*"
groups = ["main"]
files = []
develop = false

[[package]]
name = "openai"
version = "1.14.3"
description = "The official Python library for the openai API"
optional = false
python-versions = "*"
groups = ["main"]
files = []
develop = false

[[package]]
name = "anthropic"
version = "0.68.0"
description = "Anthropic API client"
optional = false
python-versions = "*"
groups = ["main"]
files = []
develop = false

[[package]]
name = "loguru"
version = "0.7.2"
description = "Python logging made (stupidly) simple"
optional = false
python-versions = "*"
groups = ["main"]
files = []
develop = false

[[package]]
name = "structlog"
version = "24.2.0"
description = "Structured Logging for Python"
optional = false
python-versions = "*"
groups = ["main"]
files = []
develop = false

[[package]]
name = "tenacity"
version = "8.2.3"
description = "Retry code until it succeeds"
optional = false
python-versions = "*"
groups = ["main"]
files = []
develop = false

[[package]]
name = "pytest"
version = "8.3.3"
description = "pytest: simple powerful testing with Python"
optional = true
python-versions = "*"
groups = ["test"]
files = []
develop = false

[[package]]
name = "pytest-anyio"
version = "0.23.3"
description = "Run asyncio and anyio tests with pytest"
optional = true
python-versions = "*"
groups = ["test"]
files = []
develop = false

[metadata]
lock-version = "2.1"
python-versions = ">=3.10"
content-hash = "742b2793ebfe0b23321be0e82e31ac51be66d298abcdf48f8f603de48f04e5ca"
